
Microsoft Visual Studio Solution File, Format Version 12.00
# Visual Studio 15
VisualStudioVersion = 15.0.27703.2042
MinimumVisualStudioVersion = 10.0.40219.1
Project("{FAE04EC0-301F-11D3-BF4B-00C04F79EFBC}") = "Snacklager.Logic", "Snacklager.Logic\Snacklager.Logic.csproj", "{53617D54-95BC-4194-B74F-F1111741C20A}"
EndProject
Project("{FAE04EC0-301F-11D3-BF4B-00C04F79EFBC}") = "Snacklager.Logic.Tests", "Snacklager.Logic.Tests\Snacklager.Logic.Tests.csproj", "{98C803A3-1311-4020-AC9D-F712A60B5C6B}"
EndProject
Project("{FAE04EC0-301F-11D3-BF4B-00C04F79EFBC}") = "Snacklager.Data", "Snacklager.Data\Snacklager.Data.csproj", "{1E7AF3A8-BE5F-40A4-89E1-3E5E13D49E7F}"
EndProject
Global
	GlobalSection(SolutionConfigurationPlatforms) = preSolution
		Debug|Any CPU = Debug|Any CPU
		Release|Any CPU = Release|Any CPU
	EndGlobalSection
	GlobalSection(ProjectConfigurationPlatforms) = postSolution
		{53617D54-95BC-4194-B74F-F1111741C20A}.Debug|Any CPU.ActiveCfg = Debug|Any CPU
		{53617D54-95BC-4194-B74F-F1111741C20A}.Debug|Any CPU.Build.0 = Debug|Any CPU
		{53617D54-95BC-4194-B74F-F1111741C20A}.Release|Any CPU.ActiveCfg = Release|Any CPU
		{53617D54-95BC-4194-B74F-F1111741C20A}.Release|Any CPU.Build.0 = Release|Any CPU
		{98C803A3-1311-4020-AC9D-F712A60B5C6B}.Debug|Any CPU.ActiveCfg = Debug|Any CPU
		{98C803A3-1311-4020-AC9D-F712A60B5C6B}.Debug|Any CPU.Build.0 = Debug|Any CPU
		{98C803A3-1311-4020-AC9D-F712A60B5C6B}.Release|Any CPU.ActiveCfg = Release|Any CPU
		{98C803A3-1311-4020-AC9D-F712A60B5C6B}.Release|Any CPU.Build.0 = Release|Any CPU
		{1E7AF3A8-BE5F-40A4-89E1-3E5E13D49E7F}.Debug|Any CPU.ActiveCfg = Debug|Any CPU
		{1E7AF3A8-BE5F-40A4-89E1-3E5E13D49E7F}.Debug|Any CPU.Build.0 = Debug|Any CPU
		{1E7AF3A8-BE5F-40A4-89E1-3E5E13D49E7F}.Release|Any CPU.ActiveCfg = Release|Any CPU
		{1E7AF3A8-BE5F-40A4-89E1-3E5E13D49E7F}.Release|Any CPU.Build.0 = Release|Any CPU
	EndGlobalSection
	GlobalSection(SolutionProperties) = preSolution
		HideSolutionNode = FALSE
	EndGlobalSection
	GlobalSection(ExtensibilityGlobals) = postSolution
		SolutionGuid = {21990E4B-2EC2-412D-803F-C4B209286AEC}
	EndGlobalSection
EndGlobal
